
Microsoft Visual Studio Solution File, Format Version 12.00
# Visual Studio Version 16
VisualStudioVersion = 16.0.31025.194
MinimumVisualStudioVersion = 10.0.40219.1
Project("{9A19103F-16F7-4668-BE54-9A1E7A4F7556}") = "Entities", "Entities\Entities.csproj", "{D87010B7-134E-4474-BA6D-99EBAEB84D5C}"
EndProject
Project("{9A19103F-16F7-4668-BE54-9A1E7A4F7556}") = "DataAccess", "DataAccess\DataAccess.csproj", "{BC750004-59DD-4092-859F-1BCAE06C0381}"
EndProject
Project("{9A19103F-16F7-4668-BE54-9A1E7A4F7556}") = "Business", "Business\Business.csproj", "{E6A9B704-07CA-4644-8801-3FAF0C40E0B2}"
EndProject
Project("{9A19103F-16F7-4668-BE54-9A1E7A4F7556}") = "Console", "Console1\Console.csproj", "{A0766045-9EE1-442A-BF77-F3108FDA4440}"
EndProject
Global
	GlobalSection(SolutionConfigurationPlatforms) = preSolution
		Debug|Any CPU = Debug|Any CPU
		Release|Any CPU = Release|Any CPU
	EndGlobalSection
	GlobalSection(ProjectConfigurationPlatforms) = postSolution
		{D87010B7-134E-4474-BA6D-99EBAEB84D5C}.Debug|Any CPU.ActiveCfg = Debug|Any CPU
		{D87010B7-134E-4474-BA6D-99EBAEB84D5C}.Debug|Any CPU.Build.0 = Debug|Any CPU
		{D87010B7-134E-4474-BA6D-99EBAEB84D5C}.Release|Any CPU.ActiveCfg = Release|Any CPU
		{D87010B7-134E-4474-BA6D-99EBAEB84D5C}.Release|Any CPU.Build.0 = Release|Any CPU
		{BC750004-59DD-4092-859F-1BCAE06C0381}.Debug|Any CPU.ActiveCfg = Debug|Any CPU
		{BC750004-59DD-4092-859F-1BCAE06C0381}.Debug|Any CPU.Build.0 = Debug|Any CPU
		{BC750004-59DD-4092-859F-1BCAE06C0381}.Release|Any CPU.ActiveCfg = Release|Any CPU
		{BC750004-59DD-4092-859F-1BCAE06C0381}.Release|Any CPU.Build.0 = Release|Any CPU
		{E6A9B704-07CA-4644-8801-3FAF0C40E0B2}.Debug|Any CPU.ActiveCfg = Debug|Any CPU
		{E6A9B704-07CA-4644-8801-3FAF0C40E0B2}.Debug|Any CPU.Build.0 = Debug|Any CPU
		{E6A9B704-07CA-4644-8801-3FAF0C40E0B2}.Release|Any CPU.ActiveCfg = Release|Any CPU
		{E6A9B704-07CA-4644-8801-3FAF0C40E0B2}.Release|Any CPU.Build.0 = Release|Any CPU
		{A0766045-9EE1-442A-BF77-F3108FDA4440}.Debug|Any CPU.ActiveCfg = Debug|Any CPU
		{A0766045-9EE1-442A-BF77-F3108FDA4440}.Debug|Any CPU.Build.0 = Debug|Any CPU
		{A0766045-9EE1-442A-BF77-F3108FDA4440}.Release|Any CPU.ActiveCfg = Release|Any CPU
		{A0766045-9EE1-442A-BF77-F3108FDA4440}.Release|Any CPU.Build.0 = Release|Any CPU
	EndGlobalSection
	GlobalSection(SolutionProperties) = preSolution
		HideSolutionNode = FALSE
	EndGlobalSection
	GlobalSection(ExtensibilityGlobals) = postSolution
		SolutionGuid = {DCDB03D8-40F8-4709-A046-6D070C835CB3}
	EndGlobalSection
EndGlobal
